
Microsoft Visual Studio Solution File, Format Version 12.00
# Visual Studio 15
VisualStudioVersion = 15.0.28307.1062
MinimumVisualStudioVersion = 10.0.40219.1
Project("{FAE04EC0-301F-11D3-BF4B-00C04F79EFBC}") = "MemoryLeakTest", "MemoryLeakTest\MemoryLeakTest.csproj", "{ACA58D1C-A4CC-40A6-ACEC-1496AA07A1BC}"
EndProject
Global
	GlobalSection(SolutionConfigurationPlatforms) = preSolution
		Debug|Any CPU = Debug|Any CPU
		Release|Any CPU = Release|Any CPU
	EndGlobalSection
	GlobalSection(ProjectConfigurationPlatforms) = postSolution
		{ACA58D1C-A4CC-40A6-ACEC-1496AA07A1BC}.Debug|Any CPU.ActiveCfg = Debug|Any CPU
		{ACA58D1C-A4CC-40A6-ACEC-1496AA07A1BC}.Debug|Any CPU.Build.0 = Debug|Any CPU
		{ACA58D1C-A4CC-40A6-ACEC-1496AA07A1BC}.Release|Any CPU.ActiveCfg = Release|Any CPU
		{ACA58D1C-A4CC-40A6-ACEC-1496AA07A1BC}.Release|Any CPU.Build.0 = Release|Any CPU
	EndGlobalSection
	GlobalSection(SolutionProperties) = preSolution
		HideSolutionNode = FALSE
	EndGlobalSection
	GlobalSection(ExtensibilityGlobals) = postSolution
		SolutionGuid = {C56CAFC3-A933-4AC3-A623-5BB9E4DFBB50}
	EndGlobalSection
EndGlobal
